
Microsoft Visual Studio Solution File, Format Version 12.00
# Visual Studio Version 16
VisualStudioVersion = 16.0.29424.173
MinimumVisualStudioVersion = 10.0.40219.1
Project("{FAE04EC0-301F-11D3-BF4B-00C04F79EFBC}") = "SingleResponsibilityDemo", "SingleResponsibilityDemo\SingleResponsibilityDemo.csproj", "{FF710F9F-1317-4972-A5D4-1C17F61CDAA8}"
EndProject
Project("{FAE04EC0-301F-11D3-BF4B-00C04F79EFBC}") = "OpenClosedDemo", "OpenClosedDemo\OpenClosedDemo.csproj", "{885D8C6F-AE32-4FA1-A254-3AC28617E957}"
EndProject
Project("{FAE04EC0-301F-11D3-BF4B-00C04F79EFBC}") = "LiskovSubstitutionDemo", "LiskovSubstitutionDemo\LiskovSubstitutionDemo.csproj", "{5B88CA97-12BC-4C57-8A6B-584588864C45}"
EndProject
Project("{FAE04EC0-301F-11D3-BF4B-00C04F79EFBC}") = "InterfaceSegregationDemo", "InterfaceSegregationDemo\InterfaceSegregationDemo.csproj", "{753A737A-41FA-4735-826D-DBBDA91BF3E8}"
EndProject
Project("{FAE04EC0-301F-11D3-BF4B-00C04F79EFBC}") = "DependencyInversionDemo", "DependencyInversionDemo\DependencyInversionDemo.csproj", "{EED23E58-221A-4BE8-92D9-80031099BDAF}"
EndProject
Project("{FAE04EC0-301F-11D3-BF4B-00C04F79EFBC}") = "BuilderDemo", "BuilderDemo\BuilderDemo.csproj", "{347F38BA-3B89-4FB2-9C5E-3D27A0977B08}"
EndProject
Project("{FAE04EC0-301F-11D3-BF4B-00C04F79EFBC}") = "FluentBuilderWithInheritanceDemo", "FluentBuilderWithInheritanceDemo\FluentBuilderWithInheritanceDemo.csproj", "{FEF27838-046E-46A3-BE31-88602C983F4E}"
EndProject
Project("{FAE04EC0-301F-11D3-BF4B-00C04F79EFBC}") = "FluentBuilderWithExtensionDemo", "FluentBuilderWithExtensionDemo\FluentBuilderWithExtensionDemo.csproj", "{13B3F052-D6E6-46BE-93C4-E3931C45801E}"
EndProject
Project("{FAE04EC0-301F-11D3-BF4B-00C04F79EFBC}") = "FacetedBuilderDemo", "FacetedBuilderDemo\FacetedBuilderDemo.csproj", "{308C3C41-E431-4A92-A943-877DF04552EB}"
EndProject
Project("{FAE04EC0-301F-11D3-BF4B-00C04F79EFBC}") = "FactoryMethodDemo", "FactoryMethodDemo\FactoryMethodDemo.csproj", "{CA860358-390C-4B17-BE51-7D0E0D345DB5}"
EndProject
Global
	GlobalSection(SolutionConfigurationPlatforms) = preSolution
		Debug|Any CPU = Debug|Any CPU
		Release|Any CPU = Release|Any CPU
	EndGlobalSection
	GlobalSection(ProjectConfigurationPlatforms) = postSolution
		{FF710F9F-1317-4972-A5D4-1C17F61CDAA8}.Debug|Any CPU.ActiveCfg = Debug|Any CPU
		{FF710F9F-1317-4972-A5D4-1C17F61CDAA8}.Debug|Any CPU.Build.0 = Debug|Any CPU
		{FF710F9F-1317-4972-A5D4-1C17F61CDAA8}.Release|Any CPU.ActiveCfg = Release|Any CPU
		{FF710F9F-1317-4972-A5D4-1C17F61CDAA8}.Release|Any CPU.Build.0 = Release|Any CPU
		{885D8C6F-AE32-4FA1-A254-3AC28617E957}.Debug|Any CPU.ActiveCfg = Debug|Any CPU
		{885D8C6F-AE32-4FA1-A254-3AC28617E957}.Debug|Any CPU.Build.0 = Debug|Any CPU
		{885D8C6F-AE32-4FA1-A254-3AC28617E957}.Release|Any CPU.ActiveCfg = Release|Any CPU
		{885D8C6F-AE32-4FA1-A254-3AC28617E957}.Release|Any CPU.Build.0 = Release|Any CPU
		{5B88CA97-12BC-4C57-8A6B-584588864C45}.Debug|Any CPU.ActiveCfg = Debug|Any CPU
		{5B88CA97-12BC-4C57-8A6B-584588864C45}.Debug|Any CPU.Build.0 = Debug|Any CPU
		{5B88CA97-12BC-4C57-8A6B-584588864C45}.Release|Any CPU.ActiveCfg = Release|Any CPU
		{5B88CA97-12BC-4C57-8A6B-584588864C45}.Release|Any CPU.Build.0 = Release|Any CPU
		{753A737A-41FA-4735-826D-DBBDA91BF3E8}.Debug|Any CPU.ActiveCfg = Debug|Any CPU
		{753A737A-41FA-4735-826D-DBBDA91BF3E8}.Debug|Any CPU.Build.0 = Debug|Any CPU
		{753A737A-41FA-4735-826D-DBBDA91BF3E8}.Release|Any CPU.ActiveCfg = Release|Any CPU
		{753A737A-41FA-4735-826D-DBBDA91BF3E8}.Release|Any CPU.Build.0 = Release|Any CPU
		{EED23E58-221A-4BE8-92D9-80031099BDAF}.Debug|Any CPU.ActiveCfg = Debug|Any CPU
		{EED23E58-221A-4BE8-92D9-80031099BDAF}.Debug|Any CPU.Build.0 = Debug|Any CPU
		{EED23E58-221A-4BE8-92D9-80031099BDAF}.Release|Any CPU.ActiveCfg = Release|Any CPU
		{EED23E58-221A-4BE8-92D9-80031099BDAF}.Release|Any CPU.Build.0 = Release|Any CPU
		{347F38BA-3B89-4FB2-9C5E-3D27A0977B08}.Debug|Any CPU.ActiveCfg = Debug|Any CPU
		{347F38BA-3B89-4FB2-9C5E-3D27A0977B08}.Debug|Any CPU.Build.0 = Debug|Any CPU
		{347F38BA-3B89-4FB2-9C5E-3D27A0977B08}.Release|Any CPU.ActiveCfg = Release|Any CPU
		{347F38BA-3B89-4FB2-9C5E-3D27A0977B08}.Release|Any CPU.Build.0 = Release|Any CPU
		{FEF27838-046E-46A3-BE31-88602C983F4E}.Debug|Any CPU.ActiveCfg = Debug|Any CPU
		{FEF27838-046E-46A3-BE31-88602C983F4E}.Debug|Any CPU.Build.0 = Debug|Any CPU
		{FEF27838-046E-46A3-BE31-88602C983F4E}.Release|Any CPU.ActiveCfg = Release|Any CPU
		{FEF27838-046E-46A3-BE31-88602C983F4E}.Release|Any CPU.Build.0 = Release|Any CPU
		{13B3F052-D6E6-46BE-93C4-E3931C45801E}.Debug|Any CPU.ActiveCfg = Debug|Any CPU
		{13B3F052-D6E6-46BE-93C4-E3931C45801E}.Debug|Any CPU.Build.0 = Debug|Any CPU
		{13B3F052-D6E6-46BE-93C4-E3931C45801E}.Release|Any CPU.ActiveCfg = Release|Any CPU
		{13B3F052-D6E6-46BE-93C4-E3931C45801E}.Release|Any CPU.Build.0 = Release|Any CPU
		{308C3C41-E431-4A92-A943-877DF04552EB}.Debug|Any CPU.ActiveCfg = Debug|Any CPU
		{308C3C41-E431-4A92-A943-877DF04552EB}.Debug|Any CPU.Build.0 = Debug|Any CPU
		{308C3C41-E431-4A92-A943-877DF04552EB}.Release|Any CPU.ActiveCfg = Release|Any CPU
		{308C3C41-E431-4A92-A943-877DF04552EB}.Release|Any CPU.Build.0 = Release|Any CPU
		{CA860358-390C-4B17-BE51-7D0E0D345DB5}.Debug|Any CPU.ActiveCfg = Debug|Any CPU
		{CA860358-390C-4B17-BE51-7D0E0D345DB5}.Debug|Any CPU.Build.0 = Debug|Any CPU
		{CA860358-390C-4B17-BE51-7D0E0D345DB5}.Release|Any CPU.ActiveCfg = Release|Any CPU
		{CA860358-390C-4B17-BE51-7D0E0D345DB5}.Release|Any CPU.Build.0 = Release|Any CPU
	EndGlobalSection
	GlobalSection(SolutionProperties) = preSolution
		HideSolutionNode = FALSE
	EndGlobalSection
	GlobalSection(ExtensibilityGlobals) = postSolution
		SolutionGuid = {22949918-CDF8-4BA0-AAFC-73D1B28AF754}
	EndGlobalSection
EndGlobal
